{
  "nodes": {
    "luna": {
      "flake": false,
      "locked": {
        "lastModified": 1661258287,
        "narHash": "sha256-SEtkvHaOUSthLH1LK5ikz2tx72deMRsdmrzeDlO1jaw=",
        "owner": "asicsforthemasses",
        "repo": "LunaPnR",
        "rev": "13965805eb11f209273a8a7bfd7e789172cab1a5",
        "type": "github"
      },
      "original": {
        "owner": "asicsforthemasses",
        "repo": "LunaPnR",
        "type": "github"
      }
    },
    "nixpkgs": {
      "locked": {
        "lastModified": 1661239211,
        "narHash": "sha256-pNJzBlSNpWEiFJZnLF2oETYq8cGWx1DJPW33aMtG6n8=",
        "owner": "NixOS",
        "repo": "nixpkgs",
        "rev": "5e804cd8a27f835a402b22e086e36e797716ef8b",
        "type": "github"
      },
      "original": {
        "owner": "NixOS",
        "ref": "nixos-unstable",
        "repo": "nixpkgs",
        "type": "github"
      }
    },
    "opensta": {
      "flake": false,
      "locked": {
        "lastModified": 1661197194,
        "narHash": "sha256-TlgbeHh+BFGNlTd/A4Sl8pRuGtM/Ep+lmWn9cz6bBgw=",
        "owner": "The-OpenROAD-Project",
        "repo": "OpenSTA",
        "rev": "bb50746f72ab112819570abce352684f9114f624",
        "type": "github"
      },
      "original": {
        "owner": "The-OpenROAD-Project",
        "repo": "OpenSTA",
        "type": "github"
      }
    },
    "root": {
      "inputs": {
        "luna": "luna",
        "nixpkgs": "nixpkgs",
        "opensta": "opensta"
      }
    }
  },
  "root": "root",
  "version": 7
}
